
Microsoft Visual Studio Solution File, Format Version 12.00
# Visual Studio 15
VisualStudioVersion = 15.0.26730.3
MinimumVisualStudioVersion = 10.0.40219.1
Project("{2150E333-8FDC-42A3-9474-1A3956D46DE8}") = "Api", "Api", "{09E37AD4-F289-46CE-B9B6-46A913EC111D}"
EndProject
Project("{9A19103F-16F7-4668-BE54-9A1E7A4F7556}") = "Todo.Api", "Api\Todo.Api\Todo.Api.csproj", "{9406B279-FEE6-4262-9725-E143C21DA9B6}"
EndProject
Project("{2150E333-8FDC-42A3-9474-1A3956D46DE8}") = "Client", "Client", "{0F156D1C-08C3-4D61-961A-5B5AF97CBC5F}"
EndProject
Project("{9A19103F-16F7-4668-BE54-9A1E7A4F7556}") = "Todo.Client", "Client\Todo.Client\Todo.Client.csproj", "{8D524209-7830-4275-BE6B-6C062AD56411}"
EndProject
Project("{2150E333-8FDC-42A3-9474-1A3956D46DE8}") = "Data", "Data", "{33D5CA6F-5694-494F-8205-E19F514D02AE}"
EndProject
Project("{2150E333-8FDC-42A3-9474-1A3956D46DE8}") = "Domain", "Domain", "{5561111E-0F72-442E-97FF-4E38FA186B5B}"
EndProject
Project("{2150E333-8FDC-42A3-9474-1A3956D46DE8}") = "Test", "Test", "{6CE78EB1-92C1-4DB5-A28B-50E32BD5ED13}"
EndProject
Project("{2150E333-8FDC-42A3-9474-1A3956D46DE8}") = "Context", "Context", "{57C1D922-37E0-4B76-B0D5-A9A892AC07C8}"
EndProject
Project("{2150E333-8FDC-42A3-9474-1A3956D46DE8}") = "Interfaces", "Interfaces", "{5B2D0640-4EEB-4E66-AE4E-4BCE181BA9F2}"
EndProject
Project("{2150E333-8FDC-42A3-9474-1A3956D46DE8}") = "Interfaces", "Interfaces", "{B1DF1D4B-9BF8-4824-AAE8-9DF6109C89D2}"
EndProject
Project("{2150E333-8FDC-42A3-9474-1A3956D46DE8}") = "Models", "Models", "{171A730F-AD4B-444B-A787-D050D1D45E78}"
EndProject
Project("{2150E333-8FDC-42A3-9474-1A3956D46DE8}") = "Services", "Services", "{42646724-E76D-4732-B9E8-502CC08A99A2}"
EndProject
Project("{2150E333-8FDC-42A3-9474-1A3956D46DE8}") = "Integration", "Integration", "{F4C27D65-6312-4808-B08C-73D4AB942E9B}"
EndProject
Project("{2150E333-8FDC-42A3-9474-1A3956D46DE8}") = "Unit", "Unit", "{3BC8EBBE-E624-478F-9D00-C2CCDA9B27D5}"
EndProject
Project("{2150E333-8FDC-42A3-9474-1A3956D46DE8}") = "Api", "Api", "{AD3F7031-36B0-4FBF-ACE5-BBF39E51BDF4}"
EndProject
Project("{2150E333-8FDC-42A3-9474-1A3956D46DE8}") = "Data", "Data", "{D1F35522-09AE-4743-82C7-F4772CBAB210}"
EndProject
Project("{2150E333-8FDC-42A3-9474-1A3956D46DE8}") = "Domain", "Domain", "{C58615C2-D9BA-41A2-98AB-C87EF0016958}"
EndProject
Project("{9A19103F-16F7-4668-BE54-9A1E7A4F7556}") = "Todo.Domain.Models", "Domain\Models\Todo.Domain.Models\Todo.Domain.Models.csproj", "{2F02B5CD-41EA-44B5-88A1-11F2EFF407EF}"
EndProject
Project("{9A19103F-16F7-4668-BE54-9A1E7A4F7556}") = "Todo.Domain.Interfaces", "Domain\Interfaces\Todo.Domain.Interfaces\Todo.Domain.Interfaces.csproj", "{B62C6A7F-87C7-4864-ABFB-81A73BEB88B0}"
EndProject
Project("{9A19103F-16F7-4668-BE54-9A1E7A4F7556}") = "Todo.Data.Interfaces", "Data\Interfaces\Todo.Data.Interfaces\Todo.Data.Interfaces.csproj", "{5325F65C-2CFE-4619-BC8F-887405621687}"
EndProject
Project("{9A19103F-16F7-4668-BE54-9A1E7A4F7556}") = "Todo.Data.Context", "Data\Context\Todo.Data.Context\Todo.Data.Context.csproj", "{0893A54B-DF37-4A65-8182-AEC281F5CD23}"
EndProject
Project("{9A19103F-16F7-4668-BE54-9A1E7A4F7556}") = "Todo.Data.MemoryContext", "Data\Context\Todo.Data.MemoryContext\Todo.Data.MemoryContext.csproj", "{28F41213-64BF-4024-BD5D-41C54C7BEAFD}"
EndProject
Project("{9A19103F-16F7-4668-BE54-9A1E7A4F7556}") = "Todo.Domain.Services", "Domain\Services\Todo.Domain.Services\Todo.Domain.Services.csproj", "{64D6B2B6-1778-46E9-A8B7-381D1A5CC98B}"
EndProject
Project("{9A19103F-16F7-4668-BE54-9A1E7A4F7556}") = "Todo.Test.Unit.Api", "Test\Unit\Api\Todo.Test.Unit.Api\Todo.Test.Unit.Api.csproj", "{CC822148-73A5-416D-8E8E-824CD3A5061C}"
EndProject
Project("{2150E333-8FDC-42A3-9474-1A3956D46DE8}") = "Models", "Models", "{F7214B6F-1D4B-4CDD-9D1F-561ED23150DB}"
EndProject
Project("{9A19103F-16F7-4668-BE54-9A1E7A4F7556}") = "Todo.Api.Models", "Api\Models\Todo.Api.Models\Todo.Api.Models.csproj", "{3410A785-3B06-43BA-AFAE-44C561728EC2}"
EndProject
Project("{2150E333-8FDC-42A3-9474-1A3956D46DE8}") = "Mappers", "Mappers", "{B7E0B263-0E20-436D-BA2B-E1EBFD4461A3}"
EndProject
Project("{9A19103F-16F7-4668-BE54-9A1E7A4F7556}") = "Todo.Api.Mappers", "Api\Mappers\Todo.Api.Mappers\Todo.Api.Mappers.csproj", "{C5690536-DD4B-431E-A5D0-9D1DA82933C1}"
EndProject
Project("{9A19103F-16F7-4668-BE54-9A1E7A4F7556}") = "Todo.Test.Unit.Data", "Test\Unit\Data\Todo.Test.Unit.Data\Todo.Test.Unit.Data.csproj", "{99E63A28-8F87-4B18-809B-3912036B2887}"
EndProject
Project("{9A19103F-16F7-4668-BE54-9A1E7A4F7556}") = "Todo.Test.Unit.Domain", "Test\Unit\Domain\Todo.Test.Unit.Domain\Todo.Test.Unit.Domain.csproj", "{8FC1365B-123D-4AB6-8AC5-0716C87E5046}"
EndProject
Global
	GlobalSection(SolutionConfigurationPlatforms) = preSolution
		Debug|Any CPU = Debug|Any CPU
		Release|Any CPU = Release|Any CPU
	EndGlobalSection
	GlobalSection(ProjectConfigurationPlatforms) = postSolution
		{9406B279-FEE6-4262-9725-E143C21DA9B6}.Debug|Any CPU.ActiveCfg = Debug|Any CPU
		{9406B279-FEE6-4262-9725-E143C21DA9B6}.Debug|Any CPU.Build.0 = Debug|Any CPU
		{9406B279-FEE6-4262-9725-E143C21DA9B6}.Release|Any CPU.ActiveCfg = Release|Any CPU
		{9406B279-FEE6-4262-9725-E143C21DA9B6}.Release|Any CPU.Build.0 = Release|Any CPU
		{8D524209-7830-4275-BE6B-6C062AD56411}.Debug|Any CPU.ActiveCfg = Debug|Any CPU
		{8D524209-7830-4275-BE6B-6C062AD56411}.Debug|Any CPU.Build.0 = Debug|Any CPU
		{8D524209-7830-4275-BE6B-6C062AD56411}.Release|Any CPU.ActiveCfg = Release|Any CPU
		{8D524209-7830-4275-BE6B-6C062AD56411}.Release|Any CPU.Build.0 = Release|Any CPU
		{2F02B5CD-41EA-44B5-88A1-11F2EFF407EF}.Debug|Any CPU.ActiveCfg = Debug|Any CPU
		{2F02B5CD-41EA-44B5-88A1-11F2EFF407EF}.Debug|Any CPU.Build.0 = Debug|Any CPU
		{2F02B5CD-41EA-44B5-88A1-11F2EFF407EF}.Release|Any CPU.ActiveCfg = Release|Any CPU
		{2F02B5CD-41EA-44B5-88A1-11F2EFF407EF}.Release|Any CPU.Build.0 = Release|Any CPU
		{B62C6A7F-87C7-4864-ABFB-81A73BEB88B0}.Debug|Any CPU.ActiveCfg = Debug|Any CPU
		{B62C6A7F-87C7-4864-ABFB-81A73BEB88B0}.Debug|Any CPU.Build.0 = Debug|Any CPU
		{B62C6A7F-87C7-4864-ABFB-81A73BEB88B0}.Release|Any CPU.ActiveCfg = Release|Any CPU
		{B62C6A7F-87C7-4864-ABFB-81A73BEB88B0}.Release|Any CPU.Build.0 = Release|Any CPU
		{5325F65C-2CFE-4619-BC8F-887405621687}.Debug|Any CPU.ActiveCfg = Debug|Any CPU
		{5325F65C-2CFE-4619-BC8F-887405621687}.Debug|Any CPU.Build.0 = Debug|Any CPU
		{5325F65C-2CFE-4619-BC8F-887405621687}.Release|Any CPU.ActiveCfg = Release|Any CPU
		{5325F65C-2CFE-4619-BC8F-887405621687}.Release|Any CPU.Build.0 = Release|Any CPU
		{0893A54B-DF37-4A65-8182-AEC281F5CD23}.Debug|Any CPU.ActiveCfg = Debug|Any CPU
		{0893A54B-DF37-4A65-8182-AEC281F5CD23}.Debug|Any CPU.Build.0 = Debug|Any CPU
		{0893A54B-DF37-4A65-8182-AEC281F5CD23}.Release|Any CPU.ActiveCfg = Release|Any CPU
		{0893A54B-DF37-4A65-8182-AEC281F5CD23}.Release|Any CPU.Build.0 = Release|Any CPU
		{28F41213-64BF-4024-BD5D-41C54C7BEAFD}.Debug|Any CPU.ActiveCfg = Debug|Any CPU
		{28F41213-64BF-4024-BD5D-41C54C7BEAFD}.Debug|Any CPU.Build.0 = Debug|Any CPU
		{28F41213-64BF-4024-BD5D-41C54C7BEAFD}.Release|Any CPU.ActiveCfg = Release|Any CPU
		{28F41213-64BF-4024-BD5D-41C54C7BEAFD}.Release|Any CPU.Build.0 = Release|Any CPU
		{64D6B2B6-1778-46E9-A8B7-381D1A5CC98B}.Debug|Any CPU.ActiveCfg = Debug|Any CPU
		{64D6B2B6-1778-46E9-A8B7-381D1A5CC98B}.Debug|Any CPU.Build.0 = Debug|Any CPU
		{64D6B2B6-1778-46E9-A8B7-381D1A5CC98B}.Release|Any CPU.ActiveCfg = Release|Any CPU
		{64D6B2B6-1778-46E9-A8B7-381D1A5CC98B}.Release|Any CPU.Build.0 = Release|Any CPU
		{CC822148-73A5-416D-8E8E-824CD3A5061C}.Debug|Any CPU.ActiveCfg = Debug|Any CPU
		{CC822148-73A5-416D-8E8E-824CD3A5061C}.Debug|Any CPU.Build.0 = Debug|Any CPU
		{CC822148-73A5-416D-8E8E-824CD3A5061C}.Release|Any CPU.ActiveCfg = Release|Any CPU
		{CC822148-73A5-416D-8E8E-824CD3A5061C}.Release|Any CPU.Build.0 = Release|Any CPU
		{3410A785-3B06-43BA-AFAE-44C561728EC2}.Debug|Any CPU.ActiveCfg = Debug|Any CPU
		{3410A785-3B06-43BA-AFAE-44C561728EC2}.Debug|Any CPU.Build.0 = Debug|Any CPU
		{3410A785-3B06-43BA-AFAE-44C561728EC2}.Release|Any CPU.ActiveCfg = Release|Any CPU
		{3410A785-3B06-43BA-AFAE-44C561728EC2}.Release|Any CPU.Build.0 = Release|Any CPU
		{C5690536-DD4B-431E-A5D0-9D1DA82933C1}.Debug|Any CPU.ActiveCfg = Debug|Any CPU
		{C5690536-DD4B-431E-A5D0-9D1DA82933C1}.Debug|Any CPU.Build.0 = Debug|Any CPU
		{C5690536-DD4B-431E-A5D0-9D1DA82933C1}.Release|Any CPU.ActiveCfg = Release|Any CPU
		{C5690536-DD4B-431E-A5D0-9D1DA82933C1}.Release|Any CPU.Build.0 = Release|Any CPU
		{99E63A28-8F87-4B18-809B-3912036B2887}.Debug|Any CPU.ActiveCfg = Debug|Any CPU
		{99E63A28-8F87-4B18-809B-3912036B2887}.Debug|Any CPU.Build.0 = Debug|Any CPU
		{99E63A28-8F87-4B18-809B-3912036B2887}.Release|Any CPU.ActiveCfg = Release|Any CPU
		{99E63A28-8F87-4B18-809B-3912036B2887}.Release|Any CPU.Build.0 = Release|Any CPU
		{8FC1365B-123D-4AB6-8AC5-0716C87E5046}.Debug|Any CPU.ActiveCfg = Debug|Any CPU
		{8FC1365B-123D-4AB6-8AC5-0716C87E5046}.Debug|Any CPU.Build.0 = Debug|Any CPU
		{8FC1365B-123D-4AB6-8AC5-0716C87E5046}.Release|Any CPU.ActiveCfg = Release|Any CPU
		{8FC1365B-123D-4AB6-8AC5-0716C87E5046}.Release|Any CPU.Build.0 = Release|Any CPU
	EndGlobalSection
	GlobalSection(SolutionProperties) = preSolution
		HideSolutionNode = FALSE
	EndGlobalSection
	GlobalSection(NestedProjects) = preSolution
		{9406B279-FEE6-4262-9725-E143C21DA9B6} = {09E37AD4-F289-46CE-B9B6-46A913EC111D}
		{8D524209-7830-4275-BE6B-6C062AD56411} = {0F156D1C-08C3-4D61-961A-5B5AF97CBC5F}
		{57C1D922-37E0-4B76-B0D5-A9A892AC07C8} = {33D5CA6F-5694-494F-8205-E19F514D02AE}
		{5B2D0640-4EEB-4E66-AE4E-4BCE181BA9F2} = {33D5CA6F-5694-494F-8205-E19F514D02AE}
		{B1DF1D4B-9BF8-4824-AAE8-9DF6109C89D2} = {5561111E-0F72-442E-97FF-4E38FA186B5B}
		{171A730F-AD4B-444B-A787-D050D1D45E78} = {5561111E-0F72-442E-97FF-4E38FA186B5B}
		{42646724-E76D-4732-B9E8-502CC08A99A2} = {5561111E-0F72-442E-97FF-4E38FA186B5B}
		{F4C27D65-6312-4808-B08C-73D4AB942E9B} = {6CE78EB1-92C1-4DB5-A28B-50E32BD5ED13}
		{3BC8EBBE-E624-478F-9D00-C2CCDA9B27D5} = {6CE78EB1-92C1-4DB5-A28B-50E32BD5ED13}
		{AD3F7031-36B0-4FBF-ACE5-BBF39E51BDF4} = {3BC8EBBE-E624-478F-9D00-C2CCDA9B27D5}
		{D1F35522-09AE-4743-82C7-F4772CBAB210} = {3BC8EBBE-E624-478F-9D00-C2CCDA9B27D5}
		{C58615C2-D9BA-41A2-98AB-C87EF0016958} = {3BC8EBBE-E624-478F-9D00-C2CCDA9B27D5}
		{2F02B5CD-41EA-44B5-88A1-11F2EFF407EF} = {171A730F-AD4B-444B-A787-D050D1D45E78}
		{B62C6A7F-87C7-4864-ABFB-81A73BEB88B0} = {B1DF1D4B-9BF8-4824-AAE8-9DF6109C89D2}
		{5325F65C-2CFE-4619-BC8F-887405621687} = {5B2D0640-4EEB-4E66-AE4E-4BCE181BA9F2}
		{0893A54B-DF37-4A65-8182-AEC281F5CD23} = {57C1D922-37E0-4B76-B0D5-A9A892AC07C8}
		{28F41213-64BF-4024-BD5D-41C54C7BEAFD} = {57C1D922-37E0-4B76-B0D5-A9A892AC07C8}
		{64D6B2B6-1778-46E9-A8B7-381D1A5CC98B} = {42646724-E76D-4732-B9E8-502CC08A99A2}
		{CC822148-73A5-416D-8E8E-824CD3A5061C} = {AD3F7031-36B0-4FBF-ACE5-BBF39E51BDF4}
		{F7214B6F-1D4B-4CDD-9D1F-561ED23150DB} = {09E37AD4-F289-46CE-B9B6-46A913EC111D}
		{3410A785-3B06-43BA-AFAE-44C561728EC2} = {F7214B6F-1D4B-4CDD-9D1F-561ED23150DB}
		{B7E0B263-0E20-436D-BA2B-E1EBFD4461A3} = {09E37AD4-F289-46CE-B9B6-46A913EC111D}
		{C5690536-DD4B-431E-A5D0-9D1DA82933C1} = {B7E0B263-0E20-436D-BA2B-E1EBFD4461A3}
		{99E63A28-8F87-4B18-809B-3912036B2887} = {D1F35522-09AE-4743-82C7-F4772CBAB210}
		{8FC1365B-123D-4AB6-8AC5-0716C87E5046} = {C58615C2-D9BA-41A2-98AB-C87EF0016958}
	EndGlobalSection
	GlobalSection(ExtensibilityGlobals) = postSolution
		SolutionGuid = {607DE658-AFD4-43A3-9923-F984251FB880}
	EndGlobalSection
EndGlobal
